
Microsoft Visual Studio Solution File, Format Version 12.00
# Visual Studio Version 16
VisualStudioVersion = 16.0.29306.81
MinimumVisualStudioVersion = 10.0.40219.1
Project("{9A19103F-16F7-4668-BE54-9A1E7A4F7556}") = "Penguin.Entities.Abstractions", "Penguin.Entities.Abstractions.csproj", "{4C01B247-C058-4467-8AA2-996053792BC4}"
EndProject
Global
	GlobalSection(SolutionConfigurationPlatforms) = preSolution
		Debug|Any CPU = Debug|Any CPU
		Release|Any CPU = Release|Any CPU
	EndGlobalSection
	GlobalSection(ProjectConfigurationPlatforms) = postSolution
		{4C01B247-C058-4467-8AA2-996053792BC4}.Debug|Any CPU.ActiveCfg = Debug|Any CPU
		{4C01B247-C058-4467-8AA2-996053792BC4}.Debug|Any CPU.Build.0 = Debug|Any CPU
		{4C01B247-C058-4467-8AA2-996053792BC4}.Release|Any CPU.ActiveCfg = Release|Any CPU
		{4C01B247-C058-4467-8AA2-996053792BC4}.Release|Any CPU.Build.0 = Release|Any CPU
	EndGlobalSection
	GlobalSection(SolutionProperties) = preSolution
		HideSolutionNode = FALSE
	EndGlobalSection
	GlobalSection(ExtensibilityGlobals) = postSolution
		SolutionGuid = {B5D64061-5764-4239-8919-7309D12CABE0}
	EndGlobalSection
EndGlobal
